
Microsoft Visual Studio Solution File, Format Version 12.00
# Visual Studio Version 16
VisualStudioVersion = 16.0.31129.286
MinimumVisualStudioVersion = 10.0.40219.1
Project("{D2ABAB84-BF74-430A-B69E-9DC6D40DDA17}") = "HandIn", "HandIn\HandIn.dwproj", "{912E2F9F-7168-4217-9D6C-144B9A0D7503}"
EndProject
Global
	GlobalSection(SolutionConfigurationPlatforms) = preSolution
		Development|Default = Development|Default
	EndGlobalSection
	GlobalSection(ProjectConfigurationPlatforms) = postSolution
		{912E2F9F-7168-4217-9D6C-144B9A0D7503}.Development|Default.ActiveCfg = Development
		{912E2F9F-7168-4217-9D6C-144B9A0D7503}.Development|Default.Build.0 = Development
		{912E2F9F-7168-4217-9D6C-144B9A0D7503}.Development|Default.Deploy.0 = Development
	EndGlobalSection
	GlobalSection(SolutionProperties) = preSolution
		HideSolutionNode = FALSE
	EndGlobalSection
	GlobalSection(ExtensibilityGlobals) = postSolution
		SolutionGuid = {86769CDF-C70F-4B11-9A04-723CA71AD8E8}
	EndGlobalSection
EndGlobal
